
Microsoft Visual Studio Solution File, Format Version 12.00
# Visual Studio 15
VisualStudioVersion = 15.0.28010.0
MinimumVisualStudioVersion = 10.0.40219.1
Project("{FAE04EC0-301F-11D3-BF4B-00C04F79EFBC}") = "Babbacombe.Redis.StrongName.Linq", "Babbacombe.Redis.StrongName.Linq.csproj", "{791729B5-44EE-4457-BFD7-95CF941A312A}"
EndProject
Global
	GlobalSection(SolutionConfigurationPlatforms) = preSolution
		Debug|Any CPU = Debug|Any CPU
		Release|Any CPU = Release|Any CPU
	EndGlobalSection
	GlobalSection(ProjectConfigurationPlatforms) = postSolution
		{791729B5-44EE-4457-BFD7-95CF941A312A}.Debug|Any CPU.ActiveCfg = Debug|Any CPU
		{791729B5-44EE-4457-BFD7-95CF941A312A}.Debug|Any CPU.Build.0 = Debug|Any CPU
		{791729B5-44EE-4457-BFD7-95CF941A312A}.Release|Any CPU.ActiveCfg = Release|Any CPU
		{791729B5-44EE-4457-BFD7-95CF941A312A}.Release|Any CPU.Build.0 = Release|Any CPU
	EndGlobalSection
	GlobalSection(SolutionProperties) = preSolution
		HideSolutionNode = FALSE
	EndGlobalSection
	GlobalSection(ExtensibilityGlobals) = postSolution
		SolutionGuid = {224FAFEF-C4B4-498E-B611-9D007A5FA981}
	EndGlobalSection
EndGlobal
